# This file is automatically @generated by Cargo.
# It is not intended for manual editing.
version = 3

[[package]]
name = "ahash"
version = "0.8.9"
source = "registry+https://github.com/rust-lang/crates.io-index"
checksum = "d713b3834d76b85304d4d525563c1276e2e30dc97cc67bfb4585a4a29fc2c89f"
dependencies = [
 "cfg-if",
 "once_cell",
 "version_check",
 "zerocopy",
]

[[package]]
name = "anyhow"
version = "1.0.75"
source = "registry+https://github.com/rust-lang/crates.io-index"
checksum = "a4668cab20f66d8d020e1fbc0ebe47217433c1b6c8f2040faf858554e394ace6"

[[package]]
name = "arbitrary"
version = "1.3.2"
source = "registry+https://github.com/rust-lang/crates.io-index"
checksum = "7d5a26814d8dcb93b0e5a0ff3c6d80a8843bafb21b39e8e18a6f05471870e110"

[[package]]
name = "bitflags"
version = "1.3.2"
source = "registry+https://github.com/rust-lang/crates.io-index"
checksum = "bef38d45163c2f1dde094a7dfd33ccf595c92905c8f8f4fdc18d06fb1037718a"

[[package]]
name = "bumpalo"
version = "3.15.1"
source = "registry+https://github.com/rust-lang/crates.io-index"
checksum = "c764d619ca78fccbf3069b37bd7af92577f044bb15236036662d79b6559f25b7"

[[package]]
name = "cc"
version = "1.0.83"
source = "registry+https://github.com/rust-lang/crates.io-index"
checksum = "f1174fb0b6ec23863f8b971027804a42614e347eafb0a95bf0b12cdae21fc4d0"
dependencies = [
 "libc",
]

[[package]]
name = "cfg-if"
version = "1.0.0"
source = "registry+https://github.com/rust-lang/crates.io-index"
checksum = "baf1de4339761588bc0619e3cbc0120ee582ebb74b53b4efbf79117bd2da40fd"

[[package]]
name = "cmake"
version = "0.1.50"
source = "registry+https://github.com/rust-lang/crates.io-index"
checksum = "a31c789563b815f77f4250caee12365734369f942439b7defd71e18a48197130"
dependencies = [
 "cc",
]

[[package]]
name = "cranelift"
version = "0.105.0"
source = "registry+https://github.com/rust-lang/crates.io-index"
checksum = "71ad1c9f3eb965e6f7af65524ca625f2800c7951a213ee7336e808dd42808262"
dependencies = [
 "cranelift-codegen",
 "cranelift-frontend",
]

[[package]]
name = "cranelift-bforest"
version = "0.105.0"
source = "registry+https://github.com/rust-lang/crates.io-index"
checksum = "77ec790dbba3970f5dc1fb615e81167adbe90a81b6d5ce53d1d7f97d1da0c816"
dependencies = [
 "cranelift-entity",
]

[[package]]
name = "cranelift-codegen"
version = "0.105.0"
source = "registry+https://github.com/rust-lang/crates.io-index"
checksum = "aff1e6625920ec73a0a222bf8f9e5b7fc6a765ccef47e0a010fe327f07eb430a"
dependencies = [
 "bumpalo",
 "cranelift-bforest",
 "cranelift-codegen-meta",
 "cranelift-codegen-shared",
 "cranelift-control",
 "cranelift-entity",
 "cranelift-isle",
 "gimli",
 "hashbrown 0.14.3",
 "log",
 "regalloc2",
 "smallvec",
 "target-lexicon",
]

[[package]]
name = "cranelift-codegen-meta"
version = "0.105.0"
source = "registry+https://github.com/rust-lang/crates.io-index"
checksum = "0e1b92f1d526daa2b1878f0171d3a216a70e3f05d2fe6786a5469299c6919a0a"
dependencies = [
 "cranelift-codegen-shared",
]

[[package]]
name = "cranelift-codegen-shared"
version = "0.105.0"
source = "registry+https://github.com/rust-lang/crates.io-index"
checksum = "3333fb7671c8b6a8d24fd05dced0a4940773d9cdddeeb38b1f99260eba2c50e9"

[[package]]
name = "cranelift-control"
version = "0.105.0"
source = "registry+https://github.com/rust-lang/crates.io-index"
checksum = "cf07b47de593bc43b7bc25a66c509469fd02c2ad850833c6a2dff45e81980c3b"
dependencies = [
 "arbitrary",
]

[[package]]
name = "cranelift-entity"
version = "0.105.0"
source = "registry+https://github.com/rust-lang/crates.io-index"
checksum = "dfd988176a86d6985dd75ac0762033b36d134c4af8b806b605e8542c489fe1c2"

[[package]]
name = "cranelift-frontend"
version = "0.105.0"
source = "registry+https://github.com/rust-lang/crates.io-index"
checksum = "214f216d2288f695bf0e0c2775d4e58759cd6ad5a118852fb5cc26d817e3cdcc"
dependencies = [
 "cranelift-codegen",
 "log",
 "smallvec",
 "target-lexicon",
]

[[package]]
name = "cranelift-isle"
version = "0.105.0"
source = "registry+https://github.com/rust-lang/crates.io-index"
checksum = "aaf4dd3bc4bd4d594180a4db16b0b411a9c3a6757a4d13c5ede1177a0131fc80"

[[package]]
name = "cranelift-jit"
version = "0.105.0"
source = "registry+https://github.com/rust-lang/crates.io-index"
checksum = "52bb8f1189dd81ed989b2cbd62371d67d35afb8977239d4a917a05b7e22e0692"
dependencies = [
 "anyhow",
 "cranelift-codegen",
 "cranelift-control",
 "cranelift-entity",
 "cranelift-module",
 "cranelift-native",
 "libc",
 "log",
 "region",
 "target-lexicon",
 "wasmtime-jit-icache-coherence",
 "windows-sys",
]

[[package]]
name = "cranelift-module"
version = "0.105.0"
source = "registry+https://github.com/rust-lang/crates.io-index"
checksum = "9ecedd1fec01db9760f94dc2abca90975ef5e90746be5aa0041dbba99268ac23"
dependencies = [
 "anyhow",
 "cranelift-codegen",
 "cranelift-control",
]

[[package]]
name = "cranelift-native"
version = "0.105.0"
source = "registry+https://github.com/rust-lang/crates.io-index"
checksum = "0ddcb8ffe184e9aaf941387f9bcd016236fe1bedc29a84af0771d98443a71aea"
dependencies = [
 "cranelift-codegen",
 "libc",
 "target-lexicon",
]

[[package]]
name = "derivative"
version = "2.2.0"
source = "registry+https://github.com/rust-lang/crates.io-index"
checksum = "fcc3dd5e9e9c0b295d6e1e4d811fb6f157d5ffd784b8d202fc62eac8035a770b"
dependencies = [
 "proc-macro2",
 "quote",
 "syn 1.0.109",
]

[[package]]
name = "either"
version = "1.9.0"
source = "registry+https://github.com/rust-lang/crates.io-index"
checksum = "a26ae43d7bcc3b814de94796a5e736d4029efb0ee900c12e2d54c993ad1a1e07"

[[package]]
name = "equivalent"
version = "1.0.1"
source = "registry+https://github.com/rust-lang/crates.io-index"
checksum = "5443807d6dff69373d433ab9ef5378ad8df50ca6298caf15de6e52e24aaf54d5"

[[package]]
name = "fallible-iterator"
version = "0.3.0"
source = "registry+https://github.com/rust-lang/crates.io-index"
checksum = "2acce4a10f12dc2fb14a218589d4f1f62ef011b2d0cc4b3cb1bba8e94da14649"

[[package]]
name = "gimli"
version = "0.28.1"
source = "registry+https://github.com/rust-lang/crates.io-index"
checksum = "4271d37baee1b8c7e4b708028c57d816cf9d2434acb33a549475f78c181f6253"
dependencies = [
 "fallible-iterator",
 "indexmap",
 "stable_deref_trait",
]

[[package]]
name = "hashbrown"
version = "0.13.2"
source = "registry+https://github.com/rust-lang/crates.io-index"
checksum = "43a3c133739dddd0d2990f9a4bdf8eb4b21ef50e4851ca85ab661199821d510e"
dependencies = [
 "ahash",
]

[[package]]
name = "hashbrown"
version = "0.14.3"
source = "registry+https://github.com/rust-lang/crates.io-index"
checksum = "290f1a1d9242c78d09ce40a5e87e7554ee637af1351968159f4952f028f75604"

[[package]]
name = "indexmap"
version = "2.2.3"
source = "registry+https://github.com/rust-lang/crates.io-index"
checksum = "233cf39063f058ea2caae4091bf4a3ef70a653afbc026f5c4a4135d114e3c177"
dependencies = [
 "equivalent",
 "hashbrown 0.14.3",
]

[[package]]
name = "itertools"
version = "0.11.0"
source = "registry+https://github.com/rust-lang/crates.io-index"
checksum = "b1c173a5686ce8bfa551b3563d0c2170bf24ca44da99c7ca4bfdab5418c3fe57"
dependencies = [
 "either",
]

[[package]]
name = "kba"
version = "0.1.0"
dependencies = [
 "anyhow",
 "cranelift",
 "cranelift-jit",
 "cranelift-module",
 "cranelift-native",
 "derivative",
 "itertools",
 "paste",
 "proc-bitfield",
 "sdl2",
 "seq-macro",
 "target-lexicon",
]

[[package]]
name = "lazy_static"
version = "1.4.0"
source = "registry+https://github.com/rust-lang/crates.io-index"
checksum = "e2abad23fbc42b3700f2f279844dc832adb2b2eb069b2df918f455c4e18cc646"

[[package]]
name = "libc"
version = "0.2.147"
source = "registry+https://github.com/rust-lang/crates.io-index"
checksum = "b4668fb0ea861c1df094127ac5f1da3409a82116a4ba74fca2e58ef927159bb3"

[[package]]
name = "log"
version = "0.4.20"
source = "registry+https://github.com/rust-lang/crates.io-index"
checksum = "b5e6163cb8c49088c2c36f57875e58ccd8c87c7427f7fbd50ea6710b2f3f2e8f"

[[package]]
name = "mach"
version = "0.3.2"
source = "registry+https://github.com/rust-lang/crates.io-index"
checksum = "b823e83b2affd8f40a9ee8c29dbc56404c1e34cd2710921f2801e2cf29527afa"
dependencies = [
 "libc",
]

[[package]]
name = "once_cell"
version = "1.19.0"
source = "registry+https://github.com/rust-lang/crates.io-index"
checksum = "3fdb12b2476b595f9358c5161aa467c2438859caa136dec86c26fdd2efe17b92"

[[package]]
name = "paste"
version = "1.0.14"
source = "registry+https://github.com/rust-lang/crates.io-index"
checksum = "de3145af08024dea9fa9914f381a17b8fc6034dfb00f3a84013f7ff43f29ed4c"

[[package]]
name = "proc-bitfield"
version = "0.3.0"
source = "registry+https://github.com/rust-lang/crates.io-index"
checksum = "a2aff80d4076e24a664e294bb4c45e2c00107c2072c7de71ae0e30659cf01bd4"
dependencies = [
 "proc-bitfield-macros",
 "static_assertions",
]

[[package]]
name = "proc-bitfield-macros"
version = "0.3.0"
source = "registry+https://github.com/rust-lang/crates.io-index"
checksum = "042b2342e993ca4ed4e7bf95d6b5c9e1e96ed8b16b18591232cc5982588046b4"
dependencies = [
 "quote",
 "syn 2.0.31",
]

[[package]]
name = "proc-macro2"
version = "1.0.66"
source = "registry+https://github.com/rust-lang/crates.io-index"
checksum = "18fb31db3f9bddb2ea821cde30a9f70117e3f119938b5ee630b7403aa6e2ead9"
dependencies = [
 "unicode-ident",
]

[[package]]
name = "quote"
version = "1.0.33"
source = "registry+https://github.com/rust-lang/crates.io-index"
checksum = "5267fca4496028628a95160fc423a33e8b2e6af8a5302579e322e4b520293cae"
dependencies = [
 "proc-macro2",
]

[[package]]
name = "regalloc2"
version = "0.9.3"
source = "registry+https://github.com/rust-lang/crates.io-index"
checksum = "ad156d539c879b7a24a363a2016d77961786e71f48f2e2fc8302a92abd2429a6"
dependencies = [
 "hashbrown 0.13.2",
 "log",
 "rustc-hash",
 "slice-group-by",
 "smallvec",
]

[[package]]
name = "region"
version = "2.2.0"
source = "registry+https://github.com/rust-lang/crates.io-index"
checksum = "877e54ea2adcd70d80e9179344c97f93ef0dffd6b03e1f4529e6e83ab2fa9ae0"
dependencies = [
 "bitflags",
 "libc",
 "mach",
 "winapi",
]

[[package]]
name = "rustc-hash"
version = "1.1.0"
source = "registry+https://github.com/rust-lang/crates.io-index"
checksum = "08d43f7aa6b08d49f382cde6a7982047c3426db949b1424bc4b7ec9ae12c6ce2"

[[package]]
name = "sdl2"
version = "0.36.0"
source = "registry+https://github.com/rust-lang/crates.io-index"
checksum = "8356b2697d1ead5a34f40bcc3c5d3620205fe0c7be0a14656223bfeec0258891"
dependencies = [
 "bitflags",
 "lazy_static",
 "libc",
 "sdl2-sys",
]

[[package]]
name = "sdl2-sys"
version = "0.36.0"
source = "registry+https://github.com/rust-lang/crates.io-index"
checksum = "26bcacfdd45d539fb5785049feb0038a63931aa896c7763a2a12e125ec58bd29"
dependencies = [
 "cfg-if",
 "cmake",
 "libc",
 "version-compare",
]

[[package]]
name = "seq-macro"
version = "0.3.5"
source = "registry+https://github.com/rust-lang/crates.io-index"
checksum = "a3f0bf26fd526d2a95683cd0f87bf103b8539e2ca1ef48ce002d67aad59aa0b4"

[[package]]
name = "slice-group-by"
version = "0.3.1"
source = "registry+https://github.com/rust-lang/crates.io-index"
checksum = "826167069c09b99d56f31e9ae5c99049e932a98c9dc2dac47645b08dbbf76ba7"

[[package]]
name = "smallvec"
version = "1.13.1"
source = "registry+https://github.com/rust-lang/crates.io-index"
checksum = "e6ecd384b10a64542d77071bd64bd7b231f4ed5940fba55e98c3de13824cf3d7"

[[package]]
name = "stable_deref_trait"
version = "1.2.0"
source = "registry+https://github.com/rust-lang/crates.io-index"
checksum = "a8f112729512f8e442d81f95a8a7ddf2b7c6b8a1a6f509a95864142b30cab2d3"

[[package]]
name = "static_assertions"
version = "1.1.0"
source = "registry+https://github.com/rust-lang/crates.io-index"
checksum = "a2eb9349b6444b326872e140eb1cf5e7c522154d69e7a0ffb0fb81c06b37543f"

[[package]]
name = "syn"
version = "1.0.109"
source = "registry+https://github.com/rust-lang/crates.io-index"
checksum = "72b64191b275b66ffe2469e8af2c1cfe3bafa67b529ead792a6d0160888b4237"
dependencies = [
 "proc-macro2",
 "quote",
 "unicode-ident",
]

[[package]]
name = "syn"
version = "2.0.31"
source = "registry+https://github.com/rust-lang/crates.io-index"
checksum = "718fa2415bcb8d8bd775917a1bf12a7931b6dfa890753378538118181e0cb398"
dependencies = [
 "proc-macro2",
 "quote",
 "unicode-ident",
]

[[package]]
name = "target-lexicon"
version = "0.12.13"
source = "registry+https://github.com/rust-lang/crates.io-index"
checksum = "69758bda2e78f098e4ccb393021a0963bb3442eac05f135c30f61b7370bbafae"

[[package]]
name = "unicode-ident"
version = "1.0.11"
source = "registry+https://github.com/rust-lang/crates.io-index"
checksum = "301abaae475aa91687eb82514b328ab47a211a533026cb25fc3e519b86adfc3c"

[[package]]
name = "version-compare"
version = "0.1.1"
source = "registry+https://github.com/rust-lang/crates.io-index"
checksum = "579a42fc0b8e0c63b76519a339be31bed574929511fa53c1a3acae26eb258f29"

[[package]]
name = "version_check"
version = "0.9.4"
source = "registry+https://github.com/rust-lang/crates.io-index"
checksum = "49874b5167b65d7193b8aba1567f5c7d93d001cafc34600cee003eda787e483f"

[[package]]
name = "wasmtime-jit-icache-coherence"
version = "18.0.0"
source = "registry+https://github.com/rust-lang/crates.io-index"
checksum = "2c87783a70d3b7602834118f42e73ed8979f1b75a01e0fc4bf311cc6dc31f8fc"
dependencies = [
 "cfg-if",
 "libc",
 "windows-sys",
]

[[package]]
name = "winapi"
version = "0.3.9"
source = "registry+https://github.com/rust-lang/crates.io-index"
checksum = "5c839a674fcd7a98952e593242ea400abe93992746761e38641405d28b00f419"
dependencies = [
 "winapi-i686-pc-windows-gnu",
 "winapi-x86_64-pc-windows-gnu",
]

[[package]]
name = "winapi-i686-pc-windows-gnu"
version = "0.4.0"
source = "registry+https://github.com/rust-lang/crates.io-index"
checksum = "ac3b87c63620426dd9b991e5ce0329eff545bccbbb34f3be09ff6fb6ab51b7b6"

[[package]]
name = "winapi-x86_64-pc-windows-gnu"
version = "0.4.0"
source = "registry+https://github.com/rust-lang/crates.io-index"
checksum = "712e227841d057c1ee1cd2fb22fa7e5a5461ae8e48fa2ca79ec42cfc1931183f"

[[package]]
name = "windows-sys"
version = "0.52.0"
source = "registry+https://github.com/rust-lang/crates.io-index"
checksum = "282be5f36a8ce781fad8c8ae18fa3f9beff57ec1b52cb3de0789201425d9a33d"
dependencies = [
 "windows-targets",
]

[[package]]
name = "windows-targets"
version = "0.52.0"
source = "registry+https://github.com/rust-lang/crates.io-index"
checksum = "8a18201040b24831fbb9e4eb208f8892e1f50a37feb53cc7ff887feb8f50e7cd"
dependencies = [
 "windows_aarch64_gnullvm",
 "windows_aarch64_msvc",
 "windows_i686_gnu",
 "windows_i686_msvc",
 "windows_x86_64_gnu",
 "windows_x86_64_gnullvm",
 "windows_x86_64_msvc",
]

[[package]]
name = "windows_aarch64_gnullvm"
version = "0.52.0"
source = "registry+https://github.com/rust-lang/crates.io-index"
checksum = "cb7764e35d4db8a7921e09562a0304bf2f93e0a51bfccee0bd0bb0b666b015ea"

[[package]]
name = "windows_aarch64_msvc"
version = "0.52.0"
source = "registry+https://github.com/rust-lang/crates.io-index"
checksum = "bbaa0368d4f1d2aaefc55b6fcfee13f41544ddf36801e793edbbfd7d7df075ef"

[[package]]
name = "windows_i686_gnu"
version = "0.52.0"
source = "registry+https://github.com/rust-lang/crates.io-index"
checksum = "a28637cb1fa3560a16915793afb20081aba2c92ee8af57b4d5f28e4b3e7df313"

[[package]]
name = "windows_i686_msvc"
version = "0.52.0"
source = "registry+https://github.com/rust-lang/crates.io-index"
checksum = "ffe5e8e31046ce6230cc7215707b816e339ff4d4d67c65dffa206fd0f7aa7b9a"

[[package]]
name = "windows_x86_64_gnu"
version = "0.52.0"
source = "registry+https://github.com/rust-lang/crates.io-index"
checksum = "3d6fa32db2bc4a2f5abeacf2b69f7992cd09dca97498da74a151a3132c26befd"

[[package]]
name = "windows_x86_64_gnullvm"
version = "0.52.0"
source = "registry+https://github.com/rust-lang/crates.io-index"
checksum = "1a657e1e9d3f514745a572a6846d3c7aa7dbe1658c056ed9c3344c4109a6949e"

[[package]]
name = "windows_x86_64_msvc"
version = "0.52.0"
source = "registry+https://github.com/rust-lang/crates.io-index"
checksum = "dff9641d1cd4be8d1a070daf9e3773c5f67e78b4d9d42263020c057706765c04"

[[package]]
name = "zerocopy"
version = "0.7.32"
source = "registry+https://github.com/rust-lang/crates.io-index"
checksum = "74d4d3961e53fa4c9a25a8637fc2bfaf2595b3d3ae34875568a5cf64787716be"
dependencies = [
 "zerocopy-derive",
]

[[package]]
name = "zerocopy-derive"
version = "0.7.32"
source = "registry+https://github.com/rust-lang/crates.io-index"
checksum = "9ce1b18ccd8e73a9321186f97e46f9f04b778851177567b1975109d26a08d2a6"
dependencies = [
 "proc-macro2",
 "quote",
 "syn 2.0.31",
]
